// !$*UTF8*$!
{
	archiveVersion = 1;
	classes = {
	};
	objectVersion = 46;
	objects = {

/* Begin PBXBuildFile section */
		4935706619B0BF7800EC51AD /* main.m in Sources */ = {isa = PBXBuildFile; fileRef = 4935706519B0BF7800EC51AD /* main.m */; };
		4935706919B0BF7800EC51AD /* AppDelegate.m in Sources */ = {isa = PBXBuildFile; fileRef = 4935706819B0BF7800EC51AD /* AppDelegate.m */; };
		4935706C19B0BF7800EC51AD /* ViewController.m in Sources */ = {isa = PBXBuildFile; fileRef = 4935706B19B0BF7800EC51AD /* ViewController.m */; };
		4935706F19B0BF7800EC51AD /* Main.storyboard in Resources */ = {isa = PBXBuildFile; fileRef = 4935706D19B0BF7800EC51AD /* Main.storyboard */; };
		4935707119B0BF7800EC51AD /* Images.xcassets in Resources */ = {isa = PBXBuildFile; fileRef = 4935707019B0BF7800EC51AD /* Images.xcassets */; };
		4935707D19B0BF7800EC51AD /* Heidi_BLahTests.m in Sources */ = {isa = PBXBuildFile; fileRef = 4935707C19B0BF7800EC51AD /* Heidi_BLahTests.m */; };
/* End PBXBuildFile section */

/* Begin PBXContainerItemProxy section */
		4935707719B0BF7800EC51AD /* PBXContainerItemProxy */ = {
			isa = PBXContainerItemProxy;
			containerPortal = 4935705819B0BF7800EC51AD /* Project object */;
			proxyType = 1;
			remoteGlobalIDString = 4935705F19B0BF7800EC51AD;
			remoteInfo = "Heidi BLah";
		};
/* End PBXContainerItemProxy section */

/* Begin PBXFileReference section */
		4935706019B0BF7800EC51AD /* Heidi BLah.app */ = {isa = PBXFileReference; explicitFileType = wrapper.application; includeInIndex = 0; path = "Heidi BLah.app"; sourceTree = BUILT_PRODUCTS_DIR; };
		4935706419B0BF7800EC51AD /* Info.plist */ = {isa = PBXFileReference; lastKnownFileType = text.plist.xml; path = Info.plist; sourceTree = "<group>"; };
		4935706519B0BF7800EC51AD /* main.m */ = {isa = PBXFileReference; lastKnownFileType = sourcecode.c.objc; path = main.m; sourceTree = "<group>"; };
		4935706719B0BF7800EC51AD /* AppDelegate.h */ = {isa = PBXFileReference; lastKnownFileType = sourcecode.c.h; path = AppDelegate.h; sourceTree = "<group>"; };
		4935706819B0BF7800EC51AD /* AppDelegate.m */ = {isa = PBXFileReference; lastKnownFileType = sourcecode.c.objc; path = AppDelegate.m; sourceTree = "<group>"; };
		4935706A19B0BF7800EC51AD /* ViewController.h */ = {isa = PBXFileReference; lastKnownFileType = sourcecode.c.h; path = ViewController.h; sourceTree = "<group>"; };
		4935706B19B0BF7800EC51AD /* ViewController.m */ = {isa = PBXFileReference; lastKnownFileType = sourcecode.c.objc; path = ViewController.m; sourceTree = "<group>"; };
		4935706E19B0BF7800EC51AD /* Base */ = {isa = PBXFileReference; lastKnownFileType = file.storyboard; name = Base; path = Base.lproj/Main.storyboard; sourceTree = "<group>"; };
		4935707019B0BF7800EC51AD /* Images.xcassets */ = {isa = PBXFileReference; lastKnownFileType = folder.assetcatalog; path = Images.xcassets; sourceTree = "<group>"; };
		4935707619B0BF7800EC51AD /* Heidi BLahTests.xctest */ = {isa = PBXFileReference; explicitFileType = wrapper.cfbundle; includeInIndex = 0; path = "Heidi BLahTests.xctest"; sourceTree = BUILT_PRODUCTS_DIR; };
		4935707B19B0BF7800EC51AD /* Info.plist */ = {isa = PBXFileReference; lastKnownFileType = text.plist.xml; path = Info.plist; sourceTree = "<group>"; };
		4935707C19B0BF7800EC51AD /* Heidi_BLahTests.m */ = {isa = PBXFileReference; lastKnownFileType = sourcecode.c.objc; path = Heidi_BLahTests.m; sourceTree = "<group>"; };
/* End PBXFileReference section */

/* Begin PBXFrameworksBuildPhase section */
		4935705D19B0BF7800EC51AD /* Frameworks */ = {
			isa = PBXFrameworksBuildPhase;
			buildActionMask = 2147483647;
			files = (
			);
			runOnlyForDeploymentPostprocessing = 0;
		};
		4935707319B0BF7800EC51AD /* Frameworks */ = {
			isa = PBXFrameworksBuildPhase;
			buildActionMask = 2147483647;
			files = (
			);
			runOnlyForDeploymentPostprocessing = 0;
		};
/* End PBXFrameworksBuildPhase section */

/* Begin PBXGroup section */
		4935705719B0BF7800EC51AD = {
			isa = PBXGroup;
			children = (
				4935706219B0BF7800EC51AD /* Heidi BLah */,
				4935707919B0BF7800EC51AD /* Heidi BLahTests */,
				4935706119B0BF7800EC51AD /* Products */,
			);
			sourceTree = "<group>";
		};
		4935706119B0BF7800EC51AD /* Products */ = {
			isa = PBXGroup;
			children = (
				4935706019B0BF7800EC51AD /* Heidi BLah.app */,
				4935707619B0BF7800EC51AD /* Heidi BLahTests.xctest */,
			);
			name = Products;
			sourceTree = "<group>";
		};
		4935706219B0BF7800EC51AD /* Heidi BLah */ = {
			isa = PBXGroup;
			children = (
				4935706719B0BF7800EC51AD /* AppDelegate.h */,
				4935706819B0BF7800EC51AD /* AppDelegate.m */,
				4935706A19B0BF7800EC51AD /* ViewController.h */,
				4935706B19B0BF7800EC51AD /* ViewController.m */,
				4935706D19B0BF7800EC51AD /* Main.storyboard */,
				4935707019B0BF7800EC51AD /* Images.xcassets */,
				4935706319B0BF7800EC51AD /* Supporting Files */,
			);
			path = "Heidi BLah";
			sourceTree = "<group>";
		};
		4935706319B0BF7800EC51AD /* Supporting Files */ = {
			isa = PBXGroup;
			children = (
				4935706419B0BF7800EC51AD /* Info.plist */,
				4935706519B0BF7800EC51AD /* main.m */,
			);
			name = "Supporting Files";
			sourceTree = "<group>";
		};
		4935707919B0BF7800EC51AD /* Heidi BLahTests */ = {
			isa = PBXGroup;
			children = (
				4935707C19B0BF7800EC51AD /* Heidi_BLahTests.m */,
				4935707A19B0BF7800EC51AD /* Supporting Files */,
			);
			path = "Heidi BLahTests";
			sourceTree = "<group>";
		};
		4935707A19B0BF7800EC51AD /* Supporting Files */ = {
			isa = PBXGroup;
			children = (
				4935707B19B0BF7800EC51AD /* Info.plist */,
			);
			name = "Supporting Files";
			sourceTree = "<group>";
		};
/* End PBXGroup section */

/* Begin PBXNativeTarget section */
		4935705F19B0BF7800EC51AD /* Heidi BLah */ = {
			isa = PBXNativeTarget;
			buildConfigurationList = 4935708019B0BF7900EC51AD /* Build configuration list for PBXNativeTarget "Heidi BLah" */;
			buildPhases = (
				4935705C19B0BF7800EC51AD /* Sources */,
				4935705D19B0BF7800EC51AD /* Frameworks */,
				4935705E19B0BF7800EC51AD /* Resources */,
			);
			buildRules = (
			);
			dependencies = (
			);
			name = "Heidi BLah";
			productName = "Heidi BLah";
			productReference = 4935706019B0BF7800EC51AD /* Heidi BLah.app */;
			productType = "com.apple.product-type.application";
		};
		4935707519B0BF7800EC51AD /* Heidi BLahTests */ = {
			isa = PBXNativeTarget;
			buildConfigurationList = 4935708319B0BF7900EC51AD /* Build configuration list for PBXNativeTarget "Heidi BLahTests" */;
			buildPhases = (
				4935707219B0BF7800EC51AD /* Sources */,
				4935707319B0BF7800EC51AD /* Frameworks */,
				4935707419B0BF7800EC51AD /* Resources */,
			);
			buildRules = (
			);
			dependencies = (
				4935707819B0BF7800EC51AD /* PBXTargetDependency */,
			);
			name = "Heidi BLahTests";
			productName = "Heidi BLahTests";
			productReference = 4935707619B0BF7800EC51AD /* Heidi BLahTests.xctest */;
			productType = "com.apple.product-type.bundle.unit-test";
		};
/* End PBXNativeTarget section */

/* Begin PBXProject section */
		4935705819B0BF7800EC51AD /* Project object */ = {
			isa = PBXProject;
			attributes = {
				LastUpgradeCheck = 0600;
				ORGANIZATIONNAME = "Steve Sneller";
				TargetAttributes = {
					4935705F19B0BF7800EC51AD = {
						CreatedOnToolsVersion = 6.0;
					};
					4935707519B0BF7800EC51AD = {
						CreatedOnToolsVersion = 6.0;
						TestTargetID = 4935705F19B0BF7800EC51AD;
					};
				};
			};
			buildConfigurationList = 4935705B19B0BF7800EC51AD /* Build configuration list for PBXProject "Heidi BLah" */;
			compatibilityVersion = "Xcode 3.2";
			developmentRegion = English;
			hasScannedForEncodings = 0;
			knownRegions = (
				en,
				Base,
			);
			mainGroup = 4935705719B0BF7800EC51AD;
			productRefGroup = 4935706119B0BF7800EC51AD /* Products */;
			projectDirPath = "";
			projectRoot = "";
			targets = (
				4935705F19B0BF7800EC51AD /* Heidi BLah */,
				4935707519B0BF7800EC51AD /* Heidi BLahTests */,
			);
		};
/* End PBXProject section */

/* Begin PBXResourcesBuildPhase section */
		4935705E19B0BF7800EC51AD /* Resources */ = {
			isa = PBXResourcesBuildPhase;
			buildActionMask = 2147483647;
			files = (
				4935706F19B0BF7800EC51AD /* Main.storyboard in Resources */,
				4935707119B0BF7800EC51AD /* Images.xcassets in Resources */,
			);
			runOnlyForDeploymentPostprocessing = 0;
		};
		4935707419B0BF7800EC51AD /* Resources */ = {
			isa = PBXResourcesBuildPhase;
			buildActionMask = 2147483647;
			files = (
			);
			runOnlyForDeploymentPostprocessing = 0;
		};
/* End PBXResourcesBuildPhase section */

/* Begin PBXSourcesBuildPhase section */
		4935705C19B0BF7800EC51AD /* Sources */ = {
			isa = PBXSourcesBuildPhase;
			buildActionMask = 2147483647;
			files = (
				4935706C19B0BF7800EC51AD /* ViewController.m in Sources */,
				4935706919B0BF7800EC51AD /* AppDelegate.m in Sources */,
				4935706619B0BF7800EC51AD /* main.m in Sources */,
			);
			runOnlyForDeploymentPostprocessing = 0;
		};
		4935707219B0BF7800EC51AD /* Sources */ = {
			isa = PBXSourcesBuildPhase;
			buildActionMask = 2147483647;
			files = (
				4935707D19B0BF7800EC51AD /* Heidi_BLahTests.m in Sources */,
			);
			runOnlyForDeploymentPostprocessing = 0;
		};
/* End PBXSourcesBuildPhase section */

/* Begin PBXTargetDependency section */
		4935707819B0BF7800EC51AD /* PBXTargetDependency */ = {
			isa = PBXTargetDependency;
			target = 4935705F19B0BF7800EC51AD /* Heidi BLah */;
			targetProxy = 4935707719B0BF7800EC51AD /* PBXContainerItemProxy */;
		};
/* End PBXTargetDependency section */

/* Begin PBXVariantGroup section */
		4935706D19B0BF7800EC51AD /* Main.storyboard */ = {
			isa = PBXVariantGroup;
			children = (
				4935706E19B0BF7800EC51AD /* Base */,
			);
			name = Main.storyboard;
			sourceTree = "<group>";
		};
/* End PBXVariantGroup section */

/* Begin XCBuildConfiguration section */
		4935707E19B0BF7900EC51AD /* Debug */ = {
			isa = XCBuildConfiguration;
			buildSettings = {
				ALWAYS_SEARCH_USER_PATHS = NO;
				CLANG_CXX_LANGUAGE_STANDARD = "gnu++0x";
				CLANG_CXX_LIBRARY = "libc++";
				CLANG_ENABLE_MODULES = YES;
				CLANG_ENABLE_OBJC_ARC = YES;
				CLANG_WARN_BOOL_CONVERSION = YES;
				CLANG_WARN_CONSTANT_CONVERSION = YES;
				CLANG_WARN_DIRECT_OBJC_ISA_USAGE = YES_ERROR;
				CLANG_WARN_EMPTY_BODY = YES;
				CLANG_WARN_ENUM_CONVERSION = YES;
				CLANG_WARN_INT_CONVERSION = YES;
				CLANG_WARN_OBJC_ROOT_CLASS = YES_ERROR;
				CLANG_WARN_UNREACHABLE_CODE = YES;
				CLANG_WARN__DUPLICATE_METHOD_MATCH = YES;
				"CODE_SIGN_IDENTITY[sdk=iphoneos*]" = "iPhone Developer";
				COPY_PHASE_STRIP = NO;
				ENABLE_STRICT_OBJC_MSGSEND = YES;
				GCC_C_LANGUAGE_STANDARD = gnu99;
				GCC_DYNAMIC_NO_PIC = NO;
				GCC_OPTIMIZATION_LEVEL = 0;
				GCC_PREPROCESSOR_DEFINITIONS = (
					"DEBUG=1",
					"$(inherited)",
				);
				GCC_SYMBOLS_PRIVATE_EXTERN = NO;
				GCC_WARN_64_TO_32_BIT_CONVERSION = YES;
				GCC_WARN_ABOUT_RETURN_TYPE = YES_ERROR;
				GCC_WARN_UNDECLARED_SELECTOR = YES;
				GCC_WARN_UNINITIALIZED_AUTOS = YES_AGGRESSIVE;
				GCC_WARN_UNUSED_FUNCTION = YES;
				GCC_WARN_UNUSED_VARIABLE = YES;
				IPHONEOS_DEPLOYMENT_TARGET = 8.0;
				MTL_ENABLE_DEBUG_INFO = YES;
				ONLY_ACTIVE_ARCH = YES;
				SDKROOT = iphoneos;
				TARGETED_DEVICE_FAMILY = "1,2";
			};
			name = Debug;
		};
		4935707F19B0BF7900EC51AD /* Release */ = {
			isa = XCBuildConfiguration;
			buildSettings = {
				ALWAYS_SEARCH_USER_PATHS = NO;
				CLANG_CXX_LANGUAGE_STANDARD = "gnu++0x";
				CLANG_CXX_LIBRARY = "libc++";
				CLANG_ENABLE_MODULES = YES;
				CLANG_ENABLE_OBJC_ARC = YES;
				CLANG_WARN_BOOL_CONVERSION = YES;
				CLANG_WARN_CONSTANT_CONVERSION = YES;
				CLANG_WARN_DIRECT_OBJC_ISA_USAGE = YES_ERROR;
				CLANG_WARN_EMPTY_BODY = YES;
				CLANG_WARN_ENUM_CONVERSION = YES;
				CLANG_WARN_INT_CONVERSION = YES;
				CLANG_WARN_OBJC_ROOT_CLASS = YES_ERROR;
				CLANG_WARN_UNREACHABLE_CODE = YES;
				CLANG_WARN__DUPLICATE_METHOD_MATCH = YES;
				"CODE_SIGN_IDENTITY[sdk=iphoneos*]" = "iPhone Developer";
				COPY_PHASE_STRIP = YES;
				ENABLE_NS_ASSERTIONS = NO;
				ENABLE_STRICT_OBJC_MSGSEND = YES;
				GCC_C_LANGUAGE_STANDARD = gnu99;
				GCC_WARN_64_TO_32_BIT_CONVERSION = YES;
				GCC_WARN_ABOUT_RETURN_TYPE = YES_ERROR;
				GCC_WARN_UNDECLARED_SELECTOR = YES;
				GCC_WARN_UNINITIALIZED_AUTOS = YES_AGGRESSIVE;
				GCC_WARN_UNUSED_FUNCTION = YES;
				GCC_WARN_UNUSED_VARIABLE = YES;
				IPHONEOS_DEPLOYMENT_TARGET = 8.0;
				MTL_ENABLE_DEBUG_INFO = NO;
				SDKROOT = iphoneos;
				TARGETED_DEVICE_FAMILY = "1,2";
				VALIDATE_PRODUCT = YES;
			};
			name = Release;
		};
		4935708119B0BF7900EC51AD /* Debug */ = {
			isa = XCBuildConfiguration;
			buildSettings = {
				ASSETCATALOG_COMPILER_APPICON_NAME = AppIcon;
				ASSETCATALOG_COMPILER_LAUNCHIMAGE_NAME = LaunchImage;
				INFOPLIST_FILE = "Heidi BLah/Info.plist";
				LD_RUNPATH_SEARCH_PATHS = "$(inherited) @executable_path/Frameworks";
				PRODUCT_NAME = "$(TARGET_NAME)";
			};
			name = Debug;
		};
		4935708219B0BF7900EC51AD /* Release */ = {
			isa = XCBuildConfiguration;
			buildSettings = {
				ASSETCATALOG_COMPILER_APPICON_NAME = AppIcon;
				ASSETCATALOG_COMPILER_LAUNCHIMAGE_NAME = LaunchImage;
				INFOPLIST_FILE = "Heidi BLah/Info.plist";
				LD_RUNPATH_SEARCH_PATHS = "$(inherited) @executable_path/Frameworks";
				PRODUCT_NAME = "$(TARGET_NAME)";
			};
			name = Release;
		};
		4935708419B0BF7900EC51AD /* Debug */ = {
			isa = XCBuildConfiguration;
			buildSettings = {
				BUNDLE_LOADER = "$(TEST_HOST)";
				FRAMEWORK_SEARCH_PATHS = (
					"$(SDKROOT)/Developer/Library/Frameworks",
					"$(inherited)",
				);
				GCC_PREPROCESSOR_DEFINITIONS = (
					"DEBUG=1",
					"$(inherited)",
				);
				INFOPLIST_FILE = "Heidi BLahTests/Info.plist";
				LD_RUNPATH_SEARCH_PATHS = "$(inherited) @executable_path/Frameworks @loader_path/Frameworks";
				PRODUCT_NAME = "$(TARGET_NAME)";
				TEST_HOST = "$(BUILT_PRODUCTS_DIR)/Heidi BLah.app/Heidi BLah";
			};
			name = Debug;
		};
		4935708519B0BF7900EC51AD /* Release */ = {
			isa = XCBuildConfiguration;
			buildSettings = {
				BUNDLE_LOADER = "$(TEST_HOST)";
				FRAMEWORK_SEARCH_PATHS = (
					"$(SDKROOT)/Developer/Library/Frameworks",
					"$(inherited)",
				);
				INFOPLIST_FILE = "Heidi BLahTests/Info.plist";
				LD_RUNPATH_SEARCH_PATHS = "$(inherited) @executable_path/Frameworks @loader_path/Frameworks";
				PRODUCT_NAME = "$(TARGET_NAME)";
				TEST_HOST = "$(BUILT_PRODUCTS_DIR)/Heidi BLah.app/Heidi BLah";
			};
			name = Release;
		};
/* End XCBuildConfiguration section */

/* Begin XCConfigurationList section */
		4935705B19B0BF7800EC51AD /* Build configuration list for PBXProject "Heidi BLah" */ = {
			isa = XCConfigurationList;
			buildConfigurations = (
				4935707E19B0BF7900EC51AD /* Debug */,
				4935707F19B0BF7900EC51AD /* Release */,
			);
			defaultConfigurationIsVisible = 0;
			defaultConfigurationName = Release;
		};
		4935708019B0BF7900EC51AD /* Build configuration list for PBXNativeTarget "Heidi BLah" */ = {
			isa = XCConfigurationList;
			buildConfigurations = (
				4935708119B0BF7900EC51AD /* Debug */,
				4935708219B0BF7900EC51AD /* Release */,
			);
			defaultConfigurationIsVisible = 0;
		};
		4935708319B0BF7900EC51AD /* Build configuration list for PBXNativeTarget "Heidi BLahTests" */ = {
			isa = XCConfigurationList;
			buildConfigurations = (
				4935708419B0BF7900EC51AD /* Debug */,
				4935708519B0BF7900EC51AD /* Release */,
			);
			defaultConfigurationIsVisible = 0;
		};
/* End XCConfigurationList section */
	};
	rootObject = 4935705819B0BF7800EC51AD /* Project object */;
}
