// !$*UTF8*$!
{
	archiveVersion = 1;
	classes = {
	};
	objectVersion = 46;
	objects = {

/* Begin PBXBuildFile section */
		4952C66019A3872300E9B545 /* Foundation.framework in Frameworks */ = {isa = PBXBuildFile; fileRef = 4952C65F19A3872300E9B545 /* Foundation.framework */; };
		4952C66219A3872300E9B545 /* CoreGraphics.framework in Frameworks */ = {isa = PBXBuildFile; fileRef = 4952C66119A3872300E9B545 /* CoreGraphics.framework */; };
		4952C66419A3872300E9B545 /* UIKit.framework in Frameworks */ = {isa = PBXBuildFile; fileRef = 4952C66319A3872300E9B545 /* UIKit.framework */; };
		4952C66A19A3872300E9B545 /* InfoPlist.strings in Resources */ = {isa = PBXBuildFile; fileRef = 4952C66819A3872300E9B545 /* InfoPlist.strings */; };
		4952C66C19A3872300E9B545 /* main.m in Sources */ = {isa = PBXBuildFile; fileRef = 4952C66B19A3872300E9B545 /* main.m */; };
		4952C67019A3872300E9B545 /* MSAAppDelegate.m in Sources */ = {isa = PBXBuildFile; fileRef = 4952C66F19A3872300E9B545 /* MSAAppDelegate.m */; };
		4952C67319A3872300E9B545 /* Main.storyboard in Resources */ = {isa = PBXBuildFile; fileRef = 4952C67119A3872300E9B545 /* Main.storyboard */; };
		4952C67619A3872300E9B545 /* MSAFirstViewController.m in Sources */ = {isa = PBXBuildFile; fileRef = 4952C67519A3872300E9B545 /* MSAFirstViewController.m */; };
		4952C67919A3872300E9B545 /* MSASecondViewController.m in Sources */ = {isa = PBXBuildFile; fileRef = 4952C67819A3872300E9B545 /* MSASecondViewController.m */; };
		4952C67B19A3872300E9B545 /* Images.xcassets in Resources */ = {isa = PBXBuildFile; fileRef = 4952C67A19A3872300E9B545 /* Images.xcassets */; };
		4952C68219A3872300E9B545 /* XCTest.framework in Frameworks */ = {isa = PBXBuildFile; fileRef = 4952C68119A3872300E9B545 /* XCTest.framework */; };
		4952C68319A3872300E9B545 /* Foundation.framework in Frameworks */ = {isa = PBXBuildFile; fileRef = 4952C65F19A3872300E9B545 /* Foundation.framework */; };
		4952C68419A3872300E9B545 /* UIKit.framework in Frameworks */ = {isa = PBXBuildFile; fileRef = 4952C66319A3872300E9B545 /* UIKit.framework */; };
		4952C68C19A3872300E9B545 /* InfoPlist.strings in Resources */ = {isa = PBXBuildFile; fileRef = 4952C68A19A3872300E9B545 /* InfoPlist.strings */; };
		4952C68E19A3872300E9B545 /* MayorshipsTests.m in Sources */ = {isa = PBXBuildFile; fileRef = 4952C68D19A3872300E9B545 /* MayorshipsTests.m */; };
		4952C69919A38C9500E9B545 /* MSARequest.m in Sources */ = {isa = PBXBuildFile; fileRef = 4952C69819A38C9500E9B545 /* MSARequest.m */; };
		4952C69E19A3D02000E9B545 /* MSAData.m in Sources */ = {isa = PBXBuildFile; fileRef = 4952C69D19A3D02000E9B545 /* MSAData.m */; };
/* End PBXBuildFile section */

/* Begin PBXContainerItemProxy section */
		4952C68519A3872300E9B545 /* PBXContainerItemProxy */ = {
			isa = PBXContainerItemProxy;
			containerPortal = 4952C65419A3872300E9B545 /* Project object */;
			proxyType = 1;
			remoteGlobalIDString = 4952C65B19A3872300E9B545;
			remoteInfo = Mayorships;
		};
/* End PBXContainerItemProxy section */

/* Begin PBXFileReference section */
		4952C65C19A3872300E9B545 /* Mayorships.app */ = {isa = PBXFileReference; explicitFileType = wrapper.application; includeInIndex = 0; path = Mayorships.app; sourceTree = BUILT_PRODUCTS_DIR; };
		4952C65F19A3872300E9B545 /* Foundation.framework */ = {isa = PBXFileReference; lastKnownFileType = wrapper.framework; name = Foundation.framework; path = System/Library/Frameworks/Foundation.framework; sourceTree = SDKROOT; };
		4952C66119A3872300E9B545 /* CoreGraphics.framework */ = {isa = PBXFileReference; lastKnownFileType = wrapper.framework; name = CoreGraphics.framework; path = System/Library/Frameworks/CoreGraphics.framework; sourceTree = SDKROOT; };
		4952C66319A3872300E9B545 /* UIKit.framework */ = {isa = PBXFileReference; lastKnownFileType = wrapper.framework; name = UIKit.framework; path = System/Library/Frameworks/UIKit.framework; sourceTree = SDKROOT; };
		4952C66719A3872300E9B545 /* Mayorships-Info.plist */ = {isa = PBXFileReference; lastKnownFileType = text.plist.xml; path = "Mayorships-Info.plist"; sourceTree = "<group>"; };
		4952C66919A3872300E9B545 /* en */ = {isa = PBXFileReference; lastKnownFileType = text.plist.strings; name = en; path = en.lproj/InfoPlist.strings; sourceTree = "<group>"; };
		4952C66B19A3872300E9B545 /* main.m */ = {isa = PBXFileReference; lastKnownFileType = sourcecode.c.objc; path = main.m; sourceTree = "<group>"; };
		4952C66D19A3872300E9B545 /* Mayorships-Prefix.pch */ = {isa = PBXFileReference; lastKnownFileType = sourcecode.c.h; path = "Mayorships-Prefix.pch"; sourceTree = "<group>"; };
		4952C66E19A3872300E9B545 /* MSAAppDelegate.h */ = {isa = PBXFileReference; lastKnownFileType = sourcecode.c.h; path = MSAAppDelegate.h; sourceTree = "<group>"; };
		4952C66F19A3872300E9B545 /* MSAAppDelegate.m */ = {isa = PBXFileReference; lastKnownFileType = sourcecode.c.objc; path = MSAAppDelegate.m; sourceTree = "<group>"; };
		4952C67219A3872300E9B545 /* Base */ = {isa = PBXFileReference; lastKnownFileType = file.storyboard; name = Base; path = Base.lproj/Main.storyboard; sourceTree = "<group>"; };
		4952C67419A3872300E9B545 /* MSAFirstViewController.h */ = {isa = PBXFileReference; lastKnownFileType = sourcecode.c.h; path = MSAFirstViewController.h; sourceTree = "<group>"; };
		4952C67519A3872300E9B545 /* MSAFirstViewController.m */ = {isa = PBXFileReference; lastKnownFileType = sourcecode.c.objc; path = MSAFirstViewController.m; sourceTree = "<group>"; };
		4952C67719A3872300E9B545 /* MSASecondViewController.h */ = {isa = PBXFileReference; lastKnownFileType = sourcecode.c.h; path = MSASecondViewController.h; sourceTree = "<group>"; };
		4952C67819A3872300E9B545 /* MSASecondViewController.m */ = {isa = PBXFileReference; lastKnownFileType = sourcecode.c.objc; path = MSASecondViewController.m; sourceTree = "<group>"; };
		4952C67A19A3872300E9B545 /* Images.xcassets */ = {isa = PBXFileReference; lastKnownFileType = folder.assetcatalog; path = Images.xcassets; sourceTree = "<group>"; };
		4952C68019A3872300E9B545 /* MayorshipsTests.xctest */ = {isa = PBXFileReference; explicitFileType = wrapper.cfbundle; includeInIndex = 0; path = MayorshipsTests.xctest; sourceTree = BUILT_PRODUCTS_DIR; };
		4952C68119A3872300E9B545 /* XCTest.framework */ = {isa = PBXFileReference; lastKnownFileType = wrapper.framework; name = XCTest.framework; path = Library/Frameworks/XCTest.framework; sourceTree = DEVELOPER_DIR; };
		4952C68919A3872300E9B545 /* MayorshipsTests-Info.plist */ = {isa = PBXFileReference; lastKnownFileType = text.plist.xml; path = "MayorshipsTests-Info.plist"; sourceTree = "<group>"; };
		4952C68B19A3872300E9B545 /* en */ = {isa = PBXFileReference; lastKnownFileType = text.plist.strings; name = en; path = en.lproj/InfoPlist.strings; sourceTree = "<group>"; };
		4952C68D19A3872300E9B545 /* MayorshipsTests.m */ = {isa = PBXFileReference; lastKnownFileType = sourcecode.c.objc; path = MayorshipsTests.m; sourceTree = "<group>"; };
		4952C69719A38C9500E9B545 /* MSARequest.h */ = {isa = PBXFileReference; fileEncoding = 4; lastKnownFileType = sourcecode.c.h; name = MSARequest.h; path = Mayorships/MSARequest.h; sourceTree = "<group>"; };
		4952C69819A38C9500E9B545 /* MSARequest.m */ = {isa = PBXFileReference; fileEncoding = 4; lastKnownFileType = sourcecode.c.objc; name = MSARequest.m; path = Mayorships/MSARequest.m; sourceTree = "<group>"; };
		4952C69C19A3D02000E9B545 /* MSAData.h */ = {isa = PBXFileReference; fileEncoding = 4; lastKnownFileType = sourcecode.c.h; name = MSAData.h; path = Mayorships/MSAData.h; sourceTree = "<group>"; };
		4952C69D19A3D02000E9B545 /* MSAData.m */ = {isa = PBXFileReference; fileEncoding = 4; lastKnownFileType = sourcecode.c.objc; name = MSAData.m; path = Mayorships/MSAData.m; sourceTree = "<group>"; };
/* End PBXFileReference section */

/* Begin PBXFrameworksBuildPhase section */
		4952C65919A3872300E9B545 /* Frameworks */ = {
			isa = PBXFrameworksBuildPhase;
			buildActionMask = 2147483647;
			files = (
				4952C66219A3872300E9B545 /* CoreGraphics.framework in Frameworks */,
				4952C66419A3872300E9B545 /* UIKit.framework in Frameworks */,
				4952C66019A3872300E9B545 /* Foundation.framework in Frameworks */,
			);
			runOnlyForDeploymentPostprocessing = 0;
		};
		4952C67D19A3872300E9B545 /* Frameworks */ = {
			isa = PBXFrameworksBuildPhase;
			buildActionMask = 2147483647;
			files = (
				4952C68219A3872300E9B545 /* XCTest.framework in Frameworks */,
				4952C68419A3872300E9B545 /* UIKit.framework in Frameworks */,
				4952C68319A3872300E9B545 /* Foundation.framework in Frameworks */,
			);
			runOnlyForDeploymentPostprocessing = 0;
		};
/* End PBXFrameworksBuildPhase section */

/* Begin PBXGroup section */
		4952C65319A3872300E9B545 = {
			isa = PBXGroup;
			children = (
				4952C69B19A3CFBF00E9B545 /* Models */,
				4952C69A19A38CA200E9B545 /* Randoms */,
				4952C69719A38C9500E9B545 /* MSARequest.h */,
				4952C69819A38C9500E9B545 /* MSARequest.m */,
				4952C66519A3872300E9B545 /* Mayorships */,
				4952C68719A3872300E9B545 /* MayorshipsTests */,
				4952C65E19A3872300E9B545 /* Frameworks */,
				4952C65D19A3872300E9B545 /* Products */,
			);
			sourceTree = "<group>";
		};
		4952C65D19A3872300E9B545 /* Products */ = {
			isa = PBXGroup;
			children = (
				4952C65C19A3872300E9B545 /* Mayorships.app */,
				4952C68019A3872300E9B545 /* MayorshipsTests.xctest */,
			);
			name = Products;
			sourceTree = "<group>";
		};
		4952C65E19A3872300E9B545 /* Frameworks */ = {
			isa = PBXGroup;
			children = (
				4952C65F19A3872300E9B545 /* Foundation.framework */,
				4952C66119A3872300E9B545 /* CoreGraphics.framework */,
				4952C66319A3872300E9B545 /* UIKit.framework */,
				4952C68119A3872300E9B545 /* XCTest.framework */,
			);
			name = Frameworks;
			sourceTree = "<group>";
		};
		4952C66519A3872300E9B545 /* Mayorships */ = {
			isa = PBXGroup;
			children = (
				4952C66E19A3872300E9B545 /* MSAAppDelegate.h */,
				4952C66F19A3872300E9B545 /* MSAAppDelegate.m */,
				4952C67119A3872300E9B545 /* Main.storyboard */,
				4952C67419A3872300E9B545 /* MSAFirstViewController.h */,
				4952C67519A3872300E9B545 /* MSAFirstViewController.m */,
				4952C67719A3872300E9B545 /* MSASecondViewController.h */,
				4952C67819A3872300E9B545 /* MSASecondViewController.m */,
				4952C67A19A3872300E9B545 /* Images.xcassets */,
				4952C66619A3872300E9B545 /* Supporting Files */,
			);
			path = Mayorships;
			sourceTree = "<group>";
		};
		4952C66619A3872300E9B545 /* Supporting Files */ = {
			isa = PBXGroup;
			children = (
				4952C66719A3872300E9B545 /* Mayorships-Info.plist */,
				4952C66819A3872300E9B545 /* InfoPlist.strings */,
				4952C66B19A3872300E9B545 /* main.m */,
				4952C66D19A3872300E9B545 /* Mayorships-Prefix.pch */,
			);
			name = "Supporting Files";
			sourceTree = "<group>";
		};
		4952C68719A3872300E9B545 /* MayorshipsTests */ = {
			isa = PBXGroup;
			children = (
				4952C68D19A3872300E9B545 /* MayorshipsTests.m */,
				4952C68819A3872300E9B545 /* Supporting Files */,
			);
			path = MayorshipsTests;
			sourceTree = "<group>";
		};
		4952C68819A3872300E9B545 /* Supporting Files */ = {
			isa = PBXGroup;
			children = (
				4952C68919A3872300E9B545 /* MayorshipsTests-Info.plist */,
				4952C68A19A3872300E9B545 /* InfoPlist.strings */,
			);
			name = "Supporting Files";
			sourceTree = "<group>";
		};
		4952C69A19A38CA200E9B545 /* Randoms */ = {
			isa = PBXGroup;
			children = (
			);
			name = Randoms;
			sourceTree = "<group>";
		};
		4952C69B19A3CFBF00E9B545 /* Models */ = {
			isa = PBXGroup;
			children = (
				4952C69C19A3D02000E9B545 /* MSAData.h */,
				4952C69D19A3D02000E9B545 /* MSAData.m */,
			);
			name = Models;
			sourceTree = "<group>";
		};
/* End PBXGroup section */

/* Begin PBXNativeTarget section */
		4952C65B19A3872300E9B545 /* Mayorships */ = {
			isa = PBXNativeTarget;
			buildConfigurationList = 4952C69119A3872400E9B545 /* Build configuration list for PBXNativeTarget "Mayorships" */;
			buildPhases = (
				4952C65819A3872300E9B545 /* Sources */,
				4952C65919A3872300E9B545 /* Frameworks */,
				4952C65A19A3872300E9B545 /* Resources */,
			);
			buildRules = (
			);
			dependencies = (
			);
			name = Mayorships;
			productName = Mayorships;
			productReference = 4952C65C19A3872300E9B545 /* Mayorships.app */;
			productType = "com.apple.product-type.application";
		};
		4952C67F19A3872300E9B545 /* MayorshipsTests */ = {
			isa = PBXNativeTarget;
			buildConfigurationList = 4952C69419A3872400E9B545 /* Build configuration list for PBXNativeTarget "MayorshipsTests" */;
			buildPhases = (
				4952C67C19A3872300E9B545 /* Sources */,
				4952C67D19A3872300E9B545 /* Frameworks */,
				4952C67E19A3872300E9B545 /* Resources */,
			);
			buildRules = (
			);
			dependencies = (
				4952C68619A3872300E9B545 /* PBXTargetDependency */,
			);
			name = MayorshipsTests;
			productName = MayorshipsTests;
			productReference = 4952C68019A3872300E9B545 /* MayorshipsTests.xctest */;
			productType = "com.apple.product-type.bundle.unit-test";
		};
/* End PBXNativeTarget section */

/* Begin PBXProject section */
		4952C65419A3872300E9B545 /* Project object */ = {
			isa = PBXProject;
			attributes = {
				CLASSPREFIX = MSA;
				LastUpgradeCheck = 0510;
				ORGANIZATIONNAME = "Steve Sneller";
				TargetAttributes = {
					4952C67F19A3872300E9B545 = {
						TestTargetID = 4952C65B19A3872300E9B545;
					};
				};
			};
			buildConfigurationList = 4952C65719A3872300E9B545 /* Build configuration list for PBXProject "Mayorships" */;
			compatibilityVersion = "Xcode 3.2";
			developmentRegion = English;
			hasScannedForEncodings = 0;
			knownRegions = (
				en,
				Base,
			);
			mainGroup = 4952C65319A3872300E9B545;
			productRefGroup = 4952C65D19A3872300E9B545 /* Products */;
			projectDirPath = "";
			projectRoot = "";
			targets = (
				4952C65B19A3872300E9B545 /* Mayorships */,
				4952C67F19A3872300E9B545 /* MayorshipsTests */,
			);
		};
/* End PBXProject section */

/* Begin PBXResourcesBuildPhase section */
		4952C65A19A3872300E9B545 /* Resources */ = {
			isa = PBXResourcesBuildPhase;
			buildActionMask = 2147483647;
			files = (
				4952C67B19A3872300E9B545 /* Images.xcassets in Resources */,
				4952C66A19A3872300E9B545 /* InfoPlist.strings in Resources */,
				4952C67319A3872300E9B545 /* Main.storyboard in Resources */,
			);
			runOnlyForDeploymentPostprocessing = 0;
		};
		4952C67E19A3872300E9B545 /* Resources */ = {
			isa = PBXResourcesBuildPhase;
			buildActionMask = 2147483647;
			files = (
				4952C68C19A3872300E9B545 /* InfoPlist.strings in Resources */,
			);
			runOnlyForDeploymentPostprocessing = 0;
		};
/* End PBXResourcesBuildPhase section */

/* Begin PBXSourcesBuildPhase section */
		4952C65819A3872300E9B545 /* Sources */ = {
			isa = PBXSourcesBuildPhase;
			buildActionMask = 2147483647;
			files = (
				4952C67919A3872300E9B545 /* MSASecondViewController.m in Sources */,
				4952C69E19A3D02000E9B545 /* MSAData.m in Sources */,
				4952C69919A38C9500E9B545 /* MSARequest.m in Sources */,
				4952C67019A3872300E9B545 /* MSAAppDelegate.m in Sources */,
				4952C66C19A3872300E9B545 /* main.m in Sources */,
				4952C67619A3872300E9B545 /* MSAFirstViewController.m in Sources */,
			);
			runOnlyForDeploymentPostprocessing = 0;
		};
		4952C67C19A3872300E9B545 /* Sources */ = {
			isa = PBXSourcesBuildPhase;
			buildActionMask = 2147483647;
			files = (
				4952C68E19A3872300E9B545 /* MayorshipsTests.m in Sources */,
			);
			runOnlyForDeploymentPostprocessing = 0;
		};
/* End PBXSourcesBuildPhase section */

/* Begin PBXTargetDependency section */
		4952C68619A3872300E9B545 /* PBXTargetDependency */ = {
			isa = PBXTargetDependency;
			target = 4952C65B19A3872300E9B545 /* Mayorships */;
			targetProxy = 4952C68519A3872300E9B545 /* PBXContainerItemProxy */;
		};
/* End PBXTargetDependency section */

/* Begin PBXVariantGroup section */
		4952C66819A3872300E9B545 /* InfoPlist.strings */ = {
			isa = PBXVariantGroup;
			children = (
				4952C66919A3872300E9B545 /* en */,
			);
			name = InfoPlist.strings;
			sourceTree = "<group>";
		};
		4952C67119A3872300E9B545 /* Main.storyboard */ = {
			isa = PBXVariantGroup;
			children = (
				4952C67219A3872300E9B545 /* Base */,
			);
			name = Main.storyboard;
			sourceTree = "<group>";
		};
		4952C68A19A3872300E9B545 /* InfoPlist.strings */ = {
			isa = PBXVariantGroup;
			children = (
				4952C68B19A3872300E9B545 /* en */,
			);
			name = InfoPlist.strings;
			sourceTree = "<group>";
		};
/* End PBXVariantGroup section */

/* Begin XCBuildConfiguration section */
		4952C68F19A3872400E9B545 /* Debug */ = {
			isa = XCBuildConfiguration;
			buildSettings = {
				ALWAYS_SEARCH_USER_PATHS = NO;
				CLANG_CXX_LANGUAGE_STANDARD = "gnu++0x";
				CLANG_CXX_LIBRARY = "libc++";
				CLANG_ENABLE_MODULES = YES;
				CLANG_ENABLE_OBJC_ARC = YES;
				CLANG_WARN_BOOL_CONVERSION = YES;
				CLANG_WARN_CONSTANT_CONVERSION = YES;
				CLANG_WARN_DIRECT_OBJC_ISA_USAGE = YES_ERROR;
				CLANG_WARN_EMPTY_BODY = YES;
				CLANG_WARN_ENUM_CONVERSION = YES;
				CLANG_WARN_INT_CONVERSION = YES;
				CLANG_WARN_OBJC_ROOT_CLASS = YES_ERROR;
				CLANG_WARN__DUPLICATE_METHOD_MATCH = YES;
				"CODE_SIGN_IDENTITY[sdk=iphoneos*]" = "iPhone Developer";
				COPY_PHASE_STRIP = NO;
				GCC_C_LANGUAGE_STANDARD = gnu99;
				GCC_DYNAMIC_NO_PIC = NO;
				GCC_OPTIMIZATION_LEVEL = 0;
				GCC_PREPROCESSOR_DEFINITIONS = (
					"DEBUG=1",
					"$(inherited)",
				);
				GCC_SYMBOLS_PRIVATE_EXTERN = NO;
				GCC_WARN_64_TO_32_BIT_CONVERSION = YES;
				GCC_WARN_ABOUT_RETURN_TYPE = YES_ERROR;
				GCC_WARN_UNDECLARED_SELECTOR = YES;
				GCC_WARN_UNINITIALIZED_AUTOS = YES_AGGRESSIVE;
				GCC_WARN_UNUSED_FUNCTION = YES;
				GCC_WARN_UNUSED_VARIABLE = YES;
				IPHONEOS_DEPLOYMENT_TARGET = 7.1;
				ONLY_ACTIVE_ARCH = YES;
				SDKROOT = iphoneos;
			};
			name = Debug;
		};
		4952C69019A3872400E9B545 /* Release */ = {
			isa = XCBuildConfiguration;
			buildSettings = {
				ALWAYS_SEARCH_USER_PATHS = NO;
				CLANG_CXX_LANGUAGE_STANDARD = "gnu++0x";
				CLANG_CXX_LIBRARY = "libc++";
				CLANG_ENABLE_MODULES = YES;
				CLANG_ENABLE_OBJC_ARC = YES;
				CLANG_WARN_BOOL_CONVERSION = YES;
				CLANG_WARN_CONSTANT_CONVERSION = YES;
				CLANG_WARN_DIRECT_OBJC_ISA_USAGE = YES_ERROR;
				CLANG_WARN_EMPTY_BODY = YES;
				CLANG_WARN_ENUM_CONVERSION = YES;
				CLANG_WARN_INT_CONVERSION = YES;
				CLANG_WARN_OBJC_ROOT_CLASS = YES_ERROR;
				CLANG_WARN__DUPLICATE_METHOD_MATCH = YES;
				"CODE_SIGN_IDENTITY[sdk=iphoneos*]" = "iPhone Developer";
				COPY_PHASE_STRIP = YES;
				ENABLE_NS_ASSERTIONS = NO;
				GCC_C_LANGUAGE_STANDARD = gnu99;
				GCC_WARN_64_TO_32_BIT_CONVERSION = YES;
				GCC_WARN_ABOUT_RETURN_TYPE = YES_ERROR;
				GCC_WARN_UNDECLARED_SELECTOR = YES;
				GCC_WARN_UNINITIALIZED_AUTOS = YES_AGGRESSIVE;
				GCC_WARN_UNUSED_FUNCTION = YES;
				GCC_WARN_UNUSED_VARIABLE = YES;
				IPHONEOS_DEPLOYMENT_TARGET = 7.1;
				SDKROOT = iphoneos;
				VALIDATE_PRODUCT = YES;
			};
			name = Release;
		};
		4952C69219A3872400E9B545 /* Debug */ = {
			isa = XCBuildConfiguration;
			buildSettings = {
				ASSETCATALOG_COMPILER_APPICON_NAME = AppIcon;
				ASSETCATALOG_COMPILER_LAUNCHIMAGE_NAME = LaunchImage;
				GCC_PRECOMPILE_PREFIX_HEADER = YES;
				GCC_PREFIX_HEADER = "Mayorships/Mayorships-Prefix.pch";
				INFOPLIST_FILE = "Mayorships/Mayorships-Info.plist";
				PRODUCT_NAME = "$(TARGET_NAME)";
				WRAPPER_EXTENSION = app;
			};
			name = Debug;
		};
		4952C69319A3872400E9B545 /* Release */ = {
			isa = XCBuildConfiguration;
			buildSettings = {
				ASSETCATALOG_COMPILER_APPICON_NAME = AppIcon;
				ASSETCATALOG_COMPILER_LAUNCHIMAGE_NAME = LaunchImage;
				GCC_PRECOMPILE_PREFIX_HEADER = YES;
				GCC_PREFIX_HEADER = "Mayorships/Mayorships-Prefix.pch";
				INFOPLIST_FILE = "Mayorships/Mayorships-Info.plist";
				PRODUCT_NAME = "$(TARGET_NAME)";
				WRAPPER_EXTENSION = app;
			};
			name = Release;
		};
		4952C69519A3872400E9B545 /* Debug */ = {
			isa = XCBuildConfiguration;
			buildSettings = {
				BUNDLE_LOADER = "$(BUILT_PRODUCTS_DIR)/Mayorships.app/Mayorships";
				FRAMEWORK_SEARCH_PATHS = (
					"$(SDKROOT)/Developer/Library/Frameworks",
					"$(inherited)",
					"$(DEVELOPER_FRAMEWORKS_DIR)",
				);
				GCC_PRECOMPILE_PREFIX_HEADER = YES;
				GCC_PREFIX_HEADER = "Mayorships/Mayorships-Prefix.pch";
				GCC_PREPROCESSOR_DEFINITIONS = (
					"DEBUG=1",
					"$(inherited)",
				);
				INFOPLIST_FILE = "MayorshipsTests/MayorshipsTests-Info.plist";
				PRODUCT_NAME = "$(TARGET_NAME)";
				TEST_HOST = "$(BUNDLE_LOADER)";
				WRAPPER_EXTENSION = xctest;
			};
			name = Debug;
		};
		4952C69619A3872400E9B545 /* Release */ = {
			isa = XCBuildConfiguration;
			buildSettings = {
				BUNDLE_LOADER = "$(BUILT_PRODUCTS_DIR)/Mayorships.app/Mayorships";
				FRAMEWORK_SEARCH_PATHS = (
					"$(SDKROOT)/Developer/Library/Frameworks",
					"$(inherited)",
					"$(DEVELOPER_FRAMEWORKS_DIR)",
				);
				GCC_PRECOMPILE_PREFIX_HEADER = YES;
				GCC_PREFIX_HEADER = "Mayorships/Mayorships-Prefix.pch";
				INFOPLIST_FILE = "MayorshipsTests/MayorshipsTests-Info.plist";
				PRODUCT_NAME = "$(TARGET_NAME)";
				TEST_HOST = "$(BUNDLE_LOADER)";
				WRAPPER_EXTENSION = xctest;
			};
			name = Release;
		};
/* End XCBuildConfiguration section */

/* Begin XCConfigurationList section */
		4952C65719A3872300E9B545 /* Build configuration list for PBXProject "Mayorships" */ = {
			isa = XCConfigurationList;
			buildConfigurations = (
				4952C68F19A3872400E9B545 /* Debug */,
				4952C69019A3872400E9B545 /* Release */,
			);
			defaultConfigurationIsVisible = 0;
			defaultConfigurationName = Release;
		};
		4952C69119A3872400E9B545 /* Build configuration list for PBXNativeTarget "Mayorships" */ = {
			isa = XCConfigurationList;
			buildConfigurations = (
				4952C69219A3872400E9B545 /* Debug */,
				4952C69319A3872400E9B545 /* Release */,
			);
			defaultConfigurationIsVisible = 0;
		};
		4952C69419A3872400E9B545 /* Build configuration list for PBXNativeTarget "MayorshipsTests" */ = {
			isa = XCConfigurationList;
			buildConfigurations = (
				4952C69519A3872400E9B545 /* Debug */,
				4952C69619A3872400E9B545 /* Release */,
			);
			defaultConfigurationIsVisible = 0;
		};
/* End XCConfigurationList section */
	};
	rootObject = 4952C65419A3872300E9B545 /* Project object */;
}
