// !$*UTF8*$!
{
	archiveVersion = 1;
	classes = {
	};
	objectVersion = 46;
	objects = {

/* Begin PBXBuildFile section */
		49045AF819A65405003B1F52 /* AppDelegate.swift in Sources */ = {isa = PBXBuildFile; fileRef = 49045AF719A65405003B1F52 /* AppDelegate.swift */; };
		49045AFA19A65405003B1F52 /* ViewController.swift in Sources */ = {isa = PBXBuildFile; fileRef = 49045AF919A65405003B1F52 /* ViewController.swift */; };
		49045AFD19A65405003B1F52 /* Main.storyboard in Resources */ = {isa = PBXBuildFile; fileRef = 49045AFB19A65405003B1F52 /* Main.storyboard */; };
		49045AFF19A65405003B1F52 /* Images.xcassets in Resources */ = {isa = PBXBuildFile; fileRef = 49045AFE19A65405003B1F52 /* Images.xcassets */; };
		49045B0B19A65406003B1F52 /* TipCalculatorTests.swift in Sources */ = {isa = PBXBuildFile; fileRef = 49045B0A19A65406003B1F52 /* TipCalculatorTests.swift */; };
		49045B1519A6552E003B1F52 /* TipCalculatorModel.swift in Sources */ = {isa = PBXBuildFile; fileRef = 49045B1419A6552E003B1F52 /* TipCalculatorModel.swift */; };
/* End PBXBuildFile section */

/* Begin PBXContainerItemProxy section */
		49045B0519A65406003B1F52 /* PBXContainerItemProxy */ = {
			isa = PBXContainerItemProxy;
			containerPortal = 49045AEA19A65405003B1F52 /* Project object */;
			proxyType = 1;
			remoteGlobalIDString = 49045AF119A65405003B1F52;
			remoteInfo = TipCalculator;
		};
/* End PBXContainerItemProxy section */

/* Begin PBXFileReference section */
		49045AF219A65405003B1F52 /* TipCalculator.app */ = {isa = PBXFileReference; explicitFileType = wrapper.application; includeInIndex = 0; path = TipCalculator.app; sourceTree = BUILT_PRODUCTS_DIR; };
		49045AF619A65405003B1F52 /* Info.plist */ = {isa = PBXFileReference; lastKnownFileType = text.plist.xml; path = Info.plist; sourceTree = "<group>"; };
		49045AF719A65405003B1F52 /* AppDelegate.swift */ = {isa = PBXFileReference; lastKnownFileType = sourcecode.swift; path = AppDelegate.swift; sourceTree = "<group>"; };
		49045AF919A65405003B1F52 /* ViewController.swift */ = {isa = PBXFileReference; lastKnownFileType = sourcecode.swift; path = ViewController.swift; sourceTree = "<group>"; };
		49045AFC19A65405003B1F52 /* Base */ = {isa = PBXFileReference; lastKnownFileType = file.storyboard; name = Base; path = Base.lproj/Main.storyboard; sourceTree = "<group>"; };
		49045AFE19A65405003B1F52 /* Images.xcassets */ = {isa = PBXFileReference; lastKnownFileType = folder.assetcatalog; path = Images.xcassets; sourceTree = "<group>"; };
		49045B0419A65406003B1F52 /* TipCalculatorTests.xctest */ = {isa = PBXFileReference; explicitFileType = wrapper.cfbundle; includeInIndex = 0; path = TipCalculatorTests.xctest; sourceTree = BUILT_PRODUCTS_DIR; };
		49045B0919A65406003B1F52 /* Info.plist */ = {isa = PBXFileReference; lastKnownFileType = text.plist.xml; path = Info.plist; sourceTree = "<group>"; };
		49045B0A19A65406003B1F52 /* TipCalculatorTests.swift */ = {isa = PBXFileReference; lastKnownFileType = sourcecode.swift; path = TipCalculatorTests.swift; sourceTree = "<group>"; };
		49045B1419A6552E003B1F52 /* TipCalculatorModel.swift */ = {isa = PBXFileReference; fileEncoding = 4; lastKnownFileType = sourcecode.swift; path = TipCalculatorModel.swift; sourceTree = "<group>"; };
/* End PBXFileReference section */

/* Begin PBXFrameworksBuildPhase section */
		49045AEF19A65405003B1F52 /* Frameworks */ = {
			isa = PBXFrameworksBuildPhase;
			buildActionMask = 2147483647;
			files = (
			);
			runOnlyForDeploymentPostprocessing = 0;
		};
		49045B0119A65406003B1F52 /* Frameworks */ = {
			isa = PBXFrameworksBuildPhase;
			buildActionMask = 2147483647;
			files = (
			);
			runOnlyForDeploymentPostprocessing = 0;
		};
/* End PBXFrameworksBuildPhase section */

/* Begin PBXGroup section */
		49045AE919A65405003B1F52 = {
			isa = PBXGroup;
			children = (
				49045AF419A65405003B1F52 /* TipCalculator */,
				49045B0719A65406003B1F52 /* TipCalculatorTests */,
				49045AF319A65405003B1F52 /* Products */,
			);
			sourceTree = "<group>";
		};
		49045AF319A65405003B1F52 /* Products */ = {
			isa = PBXGroup;
			children = (
				49045AF219A65405003B1F52 /* TipCalculator.app */,
				49045B0419A65406003B1F52 /* TipCalculatorTests.xctest */,
			);
			name = Products;
			sourceTree = "<group>";
		};
		49045AF419A65405003B1F52 /* TipCalculator */ = {
			isa = PBXGroup;
			children = (
				49045B1419A6552E003B1F52 /* TipCalculatorModel.swift */,
				49045AF719A65405003B1F52 /* AppDelegate.swift */,
				49045AF919A65405003B1F52 /* ViewController.swift */,
				49045AFB19A65405003B1F52 /* Main.storyboard */,
				49045AFE19A65405003B1F52 /* Images.xcassets */,
				49045AF519A65405003B1F52 /* Supporting Files */,
			);
			path = TipCalculator;
			sourceTree = "<group>";
		};
		49045AF519A65405003B1F52 /* Supporting Files */ = {
			isa = PBXGroup;
			children = (
				49045AF619A65405003B1F52 /* Info.plist */,
			);
			name = "Supporting Files";
			sourceTree = "<group>";
		};
		49045B0719A65406003B1F52 /* TipCalculatorTests */ = {
			isa = PBXGroup;
			children = (
				49045B0A19A65406003B1F52 /* TipCalculatorTests.swift */,
				49045B0819A65406003B1F52 /* Supporting Files */,
			);
			path = TipCalculatorTests;
			sourceTree = "<group>";
		};
		49045B0819A65406003B1F52 /* Supporting Files */ = {
			isa = PBXGroup;
			children = (
				49045B0919A65406003B1F52 /* Info.plist */,
			);
			name = "Supporting Files";
			sourceTree = "<group>";
		};
/* End PBXGroup section */

/* Begin PBXNativeTarget section */
		49045AF119A65405003B1F52 /* TipCalculator */ = {
			isa = PBXNativeTarget;
			buildConfigurationList = 49045B0E19A65406003B1F52 /* Build configuration list for PBXNativeTarget "TipCalculator" */;
			buildPhases = (
				49045AEE19A65405003B1F52 /* Sources */,
				49045AEF19A65405003B1F52 /* Frameworks */,
				49045AF019A65405003B1F52 /* Resources */,
			);
			buildRules = (
			);
			dependencies = (
			);
			name = TipCalculator;
			productName = TipCalculator;
			productReference = 49045AF219A65405003B1F52 /* TipCalculator.app */;
			productType = "com.apple.product-type.application";
		};
		49045B0319A65406003B1F52 /* TipCalculatorTests */ = {
			isa = PBXNativeTarget;
			buildConfigurationList = 49045B1119A65406003B1F52 /* Build configuration list for PBXNativeTarget "TipCalculatorTests" */;
			buildPhases = (
				49045B0019A65406003B1F52 /* Sources */,
				49045B0119A65406003B1F52 /* Frameworks */,
				49045B0219A65406003B1F52 /* Resources */,
			);
			buildRules = (
			);
			dependencies = (
				49045B0619A65406003B1F52 /* PBXTargetDependency */,
			);
			name = TipCalculatorTests;
			productName = TipCalculatorTests;
			productReference = 49045B0419A65406003B1F52 /* TipCalculatorTests.xctest */;
			productType = "com.apple.product-type.bundle.unit-test";
		};
/* End PBXNativeTarget section */

/* Begin PBXProject section */
		49045AEA19A65405003B1F52 /* Project object */ = {
			isa = PBXProject;
			attributes = {
				LastUpgradeCheck = 0600;
				ORGANIZATIONNAME = "Steve Sneller";
				TargetAttributes = {
					49045AF119A65405003B1F52 = {
						CreatedOnToolsVersion = 6.0;
					};
					49045B0319A65406003B1F52 = {
						CreatedOnToolsVersion = 6.0;
						TestTargetID = 49045AF119A65405003B1F52;
					};
				};
			};
			buildConfigurationList = 49045AED19A65405003B1F52 /* Build configuration list for PBXProject "TipCalculator" */;
			compatibilityVersion = "Xcode 3.2";
			developmentRegion = English;
			hasScannedForEncodings = 0;
			knownRegions = (
				en,
				Base,
			);
			mainGroup = 49045AE919A65405003B1F52;
			productRefGroup = 49045AF319A65405003B1F52 /* Products */;
			projectDirPath = "";
			projectRoot = "";
			targets = (
				49045AF119A65405003B1F52 /* TipCalculator */,
				49045B0319A65406003B1F52 /* TipCalculatorTests */,
			);
		};
/* End PBXProject section */

/* Begin PBXResourcesBuildPhase section */
		49045AF019A65405003B1F52 /* Resources */ = {
			isa = PBXResourcesBuildPhase;
			buildActionMask = 2147483647;
			files = (
				49045AFD19A65405003B1F52 /* Main.storyboard in Resources */,
				49045AFF19A65405003B1F52 /* Images.xcassets in Resources */,
			);
			runOnlyForDeploymentPostprocessing = 0;
		};
		49045B0219A65406003B1F52 /* Resources */ = {
			isa = PBXResourcesBuildPhase;
			buildActionMask = 2147483647;
			files = (
			);
			runOnlyForDeploymentPostprocessing = 0;
		};
/* End PBXResourcesBuildPhase section */

/* Begin PBXSourcesBuildPhase section */
		49045AEE19A65405003B1F52 /* Sources */ = {
			isa = PBXSourcesBuildPhase;
			buildActionMask = 2147483647;
			files = (
				49045B1519A6552E003B1F52 /* TipCalculatorModel.swift in Sources */,
				49045AFA19A65405003B1F52 /* ViewController.swift in Sources */,
				49045AF819A65405003B1F52 /* AppDelegate.swift in Sources */,
			);
			runOnlyForDeploymentPostprocessing = 0;
		};
		49045B0019A65406003B1F52 /* Sources */ = {
			isa = PBXSourcesBuildPhase;
			buildActionMask = 2147483647;
			files = (
				49045B0B19A65406003B1F52 /* TipCalculatorTests.swift in Sources */,
			);
			runOnlyForDeploymentPostprocessing = 0;
		};
/* End PBXSourcesBuildPhase section */

/* Begin PBXTargetDependency section */
		49045B0619A65406003B1F52 /* PBXTargetDependency */ = {
			isa = PBXTargetDependency;
			target = 49045AF119A65405003B1F52 /* TipCalculator */;
			targetProxy = 49045B0519A65406003B1F52 /* PBXContainerItemProxy */;
		};
/* End PBXTargetDependency section */

/* Begin PBXVariantGroup section */
		49045AFB19A65405003B1F52 /* Main.storyboard */ = {
			isa = PBXVariantGroup;
			children = (
				49045AFC19A65405003B1F52 /* Base */,
			);
			name = Main.storyboard;
			sourceTree = "<group>";
		};
/* End PBXVariantGroup section */

/* Begin XCBuildConfiguration section */
		49045B0C19A65406003B1F52 /* Debug */ = {
			isa = XCBuildConfiguration;
			buildSettings = {
				ALWAYS_SEARCH_USER_PATHS = NO;
				CLANG_CXX_LANGUAGE_STANDARD = "gnu++0x";
				CLANG_CXX_LIBRARY = "libc++";
				CLANG_ENABLE_MODULES = YES;
				CLANG_ENABLE_OBJC_ARC = YES;
				CLANG_WARN_BOOL_CONVERSION = YES;
				CLANG_WARN_CONSTANT_CONVERSION = YES;
				CLANG_WARN_DIRECT_OBJC_ISA_USAGE = YES_ERROR;
				CLANG_WARN_EMPTY_BODY = YES;
				CLANG_WARN_ENUM_CONVERSION = YES;
				CLANG_WARN_INT_CONVERSION = YES;
				CLANG_WARN_OBJC_ROOT_CLASS = YES_ERROR;
				CLANG_WARN_UNREACHABLE_CODE = YES;
				CLANG_WARN__DUPLICATE_METHOD_MATCH = YES;
				"CODE_SIGN_IDENTITY[sdk=iphoneos*]" = "iPhone Developer";
				COPY_PHASE_STRIP = NO;
				ENABLE_STRICT_OBJC_MSGSEND = YES;
				GCC_C_LANGUAGE_STANDARD = gnu99;
				GCC_DYNAMIC_NO_PIC = NO;
				GCC_OPTIMIZATION_LEVEL = 0;
				GCC_PREPROCESSOR_DEFINITIONS = (
					"DEBUG=1",
					"$(inherited)",
				);
				GCC_SYMBOLS_PRIVATE_EXTERN = NO;
				GCC_WARN_64_TO_32_BIT_CONVERSION = YES;
				GCC_WARN_ABOUT_RETURN_TYPE = YES_ERROR;
				GCC_WARN_UNDECLARED_SELECTOR = YES;
				GCC_WARN_UNINITIALIZED_AUTOS = YES_AGGRESSIVE;
				GCC_WARN_UNUSED_FUNCTION = YES;
				GCC_WARN_UNUSED_VARIABLE = YES;
				IPHONEOS_DEPLOYMENT_TARGET = 8.0;
				MTL_ENABLE_DEBUG_INFO = YES;
				ONLY_ACTIVE_ARCH = YES;
				SDKROOT = iphoneos;
				SWIFT_OPTIMIZATION_LEVEL = "-Onone";
				TARGETED_DEVICE_FAMILY = "1,2";
			};
			name = Debug;
		};
		49045B0D19A65406003B1F52 /* Release */ = {
			isa = XCBuildConfiguration;
			buildSettings = {
				ALWAYS_SEARCH_USER_PATHS = NO;
				CLANG_CXX_LANGUAGE_STANDARD = "gnu++0x";
				CLANG_CXX_LIBRARY = "libc++";
				CLANG_ENABLE_MODULES = YES;
				CLANG_ENABLE_OBJC_ARC = YES;
				CLANG_WARN_BOOL_CONVERSION = YES;
				CLANG_WARN_CONSTANT_CONVERSION = YES;
				CLANG_WARN_DIRECT_OBJC_ISA_USAGE = YES_ERROR;
				CLANG_WARN_EMPTY_BODY = YES;
				CLANG_WARN_ENUM_CONVERSION = YES;
				CLANG_WARN_INT_CONVERSION = YES;
				CLANG_WARN_OBJC_ROOT_CLASS = YES_ERROR;
				CLANG_WARN_UNREACHABLE_CODE = YES;
				CLANG_WARN__DUPLICATE_METHOD_MATCH = YES;
				"CODE_SIGN_IDENTITY[sdk=iphoneos*]" = "iPhone Developer";
				COPY_PHASE_STRIP = YES;
				ENABLE_NS_ASSERTIONS = NO;
				ENABLE_STRICT_OBJC_MSGSEND = YES;
				GCC_C_LANGUAGE_STANDARD = gnu99;
				GCC_WARN_64_TO_32_BIT_CONVERSION = YES;
				GCC_WARN_ABOUT_RETURN_TYPE = YES_ERROR;
				GCC_WARN_UNDECLARED_SELECTOR = YES;
				GCC_WARN_UNINITIALIZED_AUTOS = YES_AGGRESSIVE;
				GCC_WARN_UNUSED_FUNCTION = YES;
				GCC_WARN_UNUSED_VARIABLE = YES;
				IPHONEOS_DEPLOYMENT_TARGET = 8.0;
				MTL_ENABLE_DEBUG_INFO = NO;
				SDKROOT = iphoneos;
				TARGETED_DEVICE_FAMILY = "1,2";
				VALIDATE_PRODUCT = YES;
			};
			name = Release;
		};
		49045B0F19A65406003B1F52 /* Debug */ = {
			isa = XCBuildConfiguration;
			buildSettings = {
				ASSETCATALOG_COMPILER_APPICON_NAME = AppIcon;
				ASSETCATALOG_COMPILER_LAUNCHIMAGE_NAME = LaunchImage;
				INFOPLIST_FILE = TipCalculator/Info.plist;
				LD_RUNPATH_SEARCH_PATHS = "$(inherited) @executable_path/Frameworks";
				PRODUCT_NAME = "$(TARGET_NAME)";
			};
			name = Debug;
		};
		49045B1019A65406003B1F52 /* Release */ = {
			isa = XCBuildConfiguration;
			buildSettings = {
				ASSETCATALOG_COMPILER_APPICON_NAME = AppIcon;
				ASSETCATALOG_COMPILER_LAUNCHIMAGE_NAME = LaunchImage;
				INFOPLIST_FILE = TipCalculator/Info.plist;
				LD_RUNPATH_SEARCH_PATHS = "$(inherited) @executable_path/Frameworks";
				PRODUCT_NAME = "$(TARGET_NAME)";
			};
			name = Release;
		};
		49045B1219A65406003B1F52 /* Debug */ = {
			isa = XCBuildConfiguration;
			buildSettings = {
				BUNDLE_LOADER = "$(BUILT_PRODUCTS_DIR)/TipCalculator.app/TipCalculator";
				FRAMEWORK_SEARCH_PATHS = (
					"$(SDKROOT)/Developer/Library/Frameworks",
					"$(inherited)",
				);
				GCC_PREPROCESSOR_DEFINITIONS = (
					"DEBUG=1",
					"$(inherited)",
				);
				INFOPLIST_FILE = TipCalculatorTests/Info.plist;
				LD_RUNPATH_SEARCH_PATHS = "$(inherited) @executable_path/Frameworks @loader_path/Frameworks";
				PRODUCT_NAME = "$(TARGET_NAME)";
				TEST_HOST = "$(BUNDLE_LOADER)";
			};
			name = Debug;
		};
		49045B1319A65406003B1F52 /* Release */ = {
			isa = XCBuildConfiguration;
			buildSettings = {
				BUNDLE_LOADER = "$(BUILT_PRODUCTS_DIR)/TipCalculator.app/TipCalculator";
				FRAMEWORK_SEARCH_PATHS = (
					"$(SDKROOT)/Developer/Library/Frameworks",
					"$(inherited)",
				);
				INFOPLIST_FILE = TipCalculatorTests/Info.plist;
				LD_RUNPATH_SEARCH_PATHS = "$(inherited) @executable_path/Frameworks @loader_path/Frameworks";
				PRODUCT_NAME = "$(TARGET_NAME)";
				TEST_HOST = "$(BUNDLE_LOADER)";
			};
			name = Release;
		};
/* End XCBuildConfiguration section */

/* Begin XCConfigurationList section */
		49045AED19A65405003B1F52 /* Build configuration list for PBXProject "TipCalculator" */ = {
			isa = XCConfigurationList;
			buildConfigurations = (
				49045B0C19A65406003B1F52 /* Debug */,
				49045B0D19A65406003B1F52 /* Release */,
			);
			defaultConfigurationIsVisible = 0;
			defaultConfigurationName = Release;
		};
		49045B0E19A65406003B1F52 /* Build configuration list for PBXNativeTarget "TipCalculator" */ = {
			isa = XCConfigurationList;
			buildConfigurations = (
				49045B0F19A65406003B1F52 /* Debug */,
				49045B1019A65406003B1F52 /* Release */,
			);
			defaultConfigurationIsVisible = 0;
		};
		49045B1119A65406003B1F52 /* Build configuration list for PBXNativeTarget "TipCalculatorTests" */ = {
			isa = XCConfigurationList;
			buildConfigurations = (
				49045B1219A65406003B1F52 /* Debug */,
				49045B1319A65406003B1F52 /* Release */,
			);
			defaultConfigurationIsVisible = 0;
		};
/* End XCConfigurationList section */
	};
	rootObject = 49045AEA19A65405003B1F52 /* Project object */;
}
